
Microsoft Visual Studio Solution File, Format Version 12.00
# Visual Studio 14
VisualStudioVersion = 14.0.25420.1
MinimumVisualStudioVersion = 10.0.40219.1
Project("{FAE04EC0-301F-11D3-BF4B-00C04F79EFBC}") = "MMSG.Automation", "MMSG.Automation\MMSG.Automation.csproj", "{61A28C3B-47EE-4F4B-A293-69D714D41E0B}"
EndProject
Project("{FAE04EC0-301F-11D3-BF4B-00C04F79EFBC}") = "MMSG.Pages", "MMSG.Pages\MMSG.Pages.csproj", "{FDE1A89C-4FCF-45C6-8B12-D43AF6119FE3}"
EndProject
Project("{FAE04EC0-301F-11D3-BF4B-00C04F79EFBC}") = "MMSG.Acceptance.ROL.Tests", "MMSG.Acceptance.ROL.Tests\MMSG.Acceptance.ROL.Tests.csproj", "{65685C61-E676-4AAE-A2DE-98A995F0E99E}"
EndProject
Project("{FAE04EC0-301F-11D3-BF4B-00C04F79EFBC}") = "MMSG.Acceptance.Comet.Tests", "MMSG.Acceptance.Comet.Tests\MMSG.Acceptance.Comet.Tests.csproj", "{A9150AB6-8DFC-462D-930E-79E62DC01ACA}"
EndProject
Project("{FAE04EC0-301F-11D3-BF4B-00C04F79EFBC}") = "MMSG.Acceptance.MOL.Tests", "MMSG.Acceptance.MOL.Tests\MMSG.Acceptance.MOL.Tests.csproj", "{20537C4E-C554-4B7F-AC8C-4A97878701FD}"
EndProject
Project("{FAE04EC0-301F-11D3-BF4B-00C04F79EFBC}") = "WebServiceTestProject", "WebServiceTestProject\WebServiceTestProject.csproj", "{F78ED581-DC73-41CB-A182-3B51B0B7F4E3}"
EndProject
Project("{2150E333-8FDC-42A3-9474-1A3956D46DE8}") = "Solution Items", "Solution Items", "{63406749-217D-4674-B520-73F49E9097F0}"
	ProjectSection(SolutionItems) = preProject
		Local.testsettings = Local.testsettings
	EndProjectSection
EndProject
Global
	GlobalSection(SolutionConfigurationPlatforms) = preSolution
		Debug|Any CPU = Debug|Any CPU
		Release|Any CPU = Release|Any CPU
	EndGlobalSection
	GlobalSection(ProjectConfigurationPlatforms) = postSolution
		{61A28C3B-47EE-4F4B-A293-69D714D41E0B}.Debug|Any CPU.ActiveCfg = Debug|Any CPU
		{61A28C3B-47EE-4F4B-A293-69D714D41E0B}.Debug|Any CPU.Build.0 = Debug|Any CPU
		{61A28C3B-47EE-4F4B-A293-69D714D41E0B}.Release|Any CPU.ActiveCfg = Release|Any CPU
		{61A28C3B-47EE-4F4B-A293-69D714D41E0B}.Release|Any CPU.Build.0 = Release|Any CPU
		{FDE1A89C-4FCF-45C6-8B12-D43AF6119FE3}.Debug|Any CPU.ActiveCfg = Debug|Any CPU
		{FDE1A89C-4FCF-45C6-8B12-D43AF6119FE3}.Debug|Any CPU.Build.0 = Debug|Any CPU
		{FDE1A89C-4FCF-45C6-8B12-D43AF6119FE3}.Release|Any CPU.ActiveCfg = Release|Any CPU
		{FDE1A89C-4FCF-45C6-8B12-D43AF6119FE3}.Release|Any CPU.Build.0 = Release|Any CPU
		{65685C61-E676-4AAE-A2DE-98A995F0E99E}.Debug|Any CPU.ActiveCfg = Debug|Any CPU
		{65685C61-E676-4AAE-A2DE-98A995F0E99E}.Debug|Any CPU.Build.0 = Debug|Any CPU
		{65685C61-E676-4AAE-A2DE-98A995F0E99E}.Release|Any CPU.ActiveCfg = Release|Any CPU
		{65685C61-E676-4AAE-A2DE-98A995F0E99E}.Release|Any CPU.Build.0 = Release|Any CPU
		{A9150AB6-8DFC-462D-930E-79E62DC01ACA}.Debug|Any CPU.ActiveCfg = Debug|Any CPU
		{A9150AB6-8DFC-462D-930E-79E62DC01ACA}.Debug|Any CPU.Build.0 = Debug|Any CPU
		{A9150AB6-8DFC-462D-930E-79E62DC01ACA}.Release|Any CPU.ActiveCfg = Release|Any CPU
		{A9150AB6-8DFC-462D-930E-79E62DC01ACA}.Release|Any CPU.Build.0 = Release|Any CPU
		{20537C4E-C554-4B7F-AC8C-4A97878701FD}.Debug|Any CPU.ActiveCfg = Debug|Any CPU
		{20537C4E-C554-4B7F-AC8C-4A97878701FD}.Debug|Any CPU.Build.0 = Debug|Any CPU
		{20537C4E-C554-4B7F-AC8C-4A97878701FD}.Release|Any CPU.ActiveCfg = Release|Any CPU
		{20537C4E-C554-4B7F-AC8C-4A97878701FD}.Release|Any CPU.Build.0 = Release|Any CPU
		{F78ED581-DC73-41CB-A182-3B51B0B7F4E3}.Debug|Any CPU.ActiveCfg = Debug|Any CPU
		{F78ED581-DC73-41CB-A182-3B51B0B7F4E3}.Debug|Any CPU.Build.0 = Debug|Any CPU
		{F78ED581-DC73-41CB-A182-3B51B0B7F4E3}.Release|Any CPU.ActiveCfg = Release|Any CPU
		{F78ED581-DC73-41CB-A182-3B51B0B7F4E3}.Release|Any CPU.Build.0 = Release|Any CPU
	EndGlobalSection
	GlobalSection(SolutionProperties) = preSolution
		HideSolutionNode = FALSE
	EndGlobalSection
	GlobalSection(TeamFoundationVersionControl) = preSolution
		SccNumberOfProjects = 7
		SccEnterpriseProvider = {4CA58AB2-18FA-4F8D-95D4-32DDF27D184C}
		SccTeamFoundationServer = http://mslmcotfs01:8080/tfs/mcmillan%20shakespeare%20australia
		SccLocalPath0 = .
		SccProjectUniqueName1 = MMSG.Automation\\MMSG.Automation.csproj
		SccProjectName1 = MMSG.Automation
		SccLocalPath1 = MMSG.Automation
		SccProjectUniqueName2 = MMSG.Pages\\MMSG.Pages.csproj
		SccLocalPath2 = MMSG.Pages		
		SccProjectFilePathRelativizedFromConnection2 = ..\\MMSG.Pages\\
		SccProjectUniqueName3 = MMSG.Acceptance.ROL.Tests\\MMSG.Acceptance.ROL.Tests.csproj
		SccProjectName3 = MMSG.Acceptance.ROL.Tests
		SccLocalPath3 = MMSG.Acceptance.ROL.Tests
		SccProjectUniqueName4 = MMSG.Acceptance.Comet.Tests\\MMSG.Acceptance.Comet.Tests.csproj
		SccProjectName4 = MMSG.Acceptance.Comet.Tests
		SccLocalPath4 = MMSG.Acceptance.Comet.Tests
		SccProjectUniqueName5 = MMSG.Acceptance.MOL.Tests\\MMSG.Acceptance.MOL.Tests.csproj
		SccProjectName5 = MMSG.Acceptance.MOL.Tests
		SccLocalPath5 = MMSG.Acceptance.MOL.Tests
		SccProjectUniqueName6 = WebServiceTestProject\\WebServiceTestProject.csproj
		SccProjectName6 = WebServiceTestProject
		SccLocalPath6 = WebServiceTestProject
	EndGlobalSection
EndGlobal
